
Microsoft Visual Studio Solution File, Format Version 12.00
# Visual Studio 2012
Project("{FAE04EC0-301F-11D3-BF4B-00C04F79EFBC}") = "DataGridExtensions", "DataGridExtensions\DataGridExtensions.csproj", "{3E52F6A8-EEA9-444B-99CA-530158605598}"
EndProject
Project("{FAE04EC0-301F-11D3-BF4B-00C04F79EFBC}") = "SimpleDemo", "SimpleDemo\SimpleDemo.csproj", "{ED5AA090-BEB3-4312-ADFD-45AB3F6C065F}"
EndProject
Global
	GlobalSection(SolutionConfigurationPlatforms) = preSolution
		Debug|Any CPU = Debug|Any CPU
		Release|Any CPU = Release|Any CPU
	EndGlobalSection
	GlobalSection(ProjectConfigurationPlatforms) = postSolution
		{3E52F6A8-EEA9-444B-99CA-530158605598}.Debug|Any CPU.ActiveCfg = Debug|Any CPU
		{3E52F6A8-EEA9-444B-99CA-530158605598}.Debug|Any CPU.Build.0 = Debug|Any CPU
		{3E52F6A8-EEA9-444B-99CA-530158605598}.Release|Any CPU.ActiveCfg = Release|Any CPU
		{3E52F6A8-EEA9-444B-99CA-530158605598}.Release|Any CPU.Build.0 = Release|Any CPU
		{ED5AA090-BEB3-4312-ADFD-45AB3F6C065F}.Debug|Any CPU.ActiveCfg = Debug|Any CPU
		{ED5AA090-BEB3-4312-ADFD-45AB3F6C065F}.Debug|Any CPU.Build.0 = Debug|Any CPU
		{ED5AA090-BEB3-4312-ADFD-45AB3F6C065F}.Release|Any CPU.ActiveCfg = Release|Any CPU
		{ED5AA090-BEB3-4312-ADFD-45AB3F6C065F}.Release|Any CPU.Build.0 = Release|Any CPU
	EndGlobalSection
	GlobalSection(SolutionProperties) = preSolution
		HideSolutionNode = FALSE
	EndGlobalSection
EndGlobal
